
Microsoft Visual Studio Solution File, Format Version 12.00
# Visual Studio Version 17
VisualStudioVersion = 17.14.36717.8 d17.14
MinimumVisualStudioVersion = 10.0.40219.1
Project("{FAE04EC0-301F-11D3-BF4B-00C04F79EFBC}") = "VideoClub.RentalsService", "VideoClub.RentalsService\VideoClub.RentalsService.csproj", "{396E13F7-E110-4586-BE15-E69CD0EFDF1D}"
EndProject
Project("{FAE04EC0-301F-11D3-BF4B-00C04F79EFBC}") = "VideoClub.CustomersService", "VideoClub.CustomersService\VideoClub.CustomersService.csproj", "{011D3C89-1016-451E-B1D3-A47D7EF4EDFB}"
EndProject
Project("{2150E333-8FDC-42A3-9474-1A3956D46DE8}") = "1.BFF", "1.BFF", "{02EA681E-C7D8-13C7-8484-4AC65E1B71E8}"
EndProject
Project("{2150E333-8FDC-42A3-9474-1A3956D46DE8}") = "2.Gateway", "2.Gateway", "{A7759566-A702-42DC-9A5D-B41E736E6CBC}"
EndProject
Project("{2150E333-8FDC-42A3-9474-1A3956D46DE8}") = "Models", "Models", "{C97A8723-978F-4A25-A6C6-3751DCF6FA5B}"
EndProject
Project("{2150E333-8FDC-42A3-9474-1A3956D46DE8}") = "4.Shares", "4.Shares", "{A5DBC27E-12BA-4925-903F-92AD531DF0E4}"
EndProject
Project("{2150E333-8FDC-42A3-9474-1A3956D46DE8}") = "3.Microservices", "3.Microservices", "{C1F13F59-6CA9-44E5-80B3-FDE7BB0D65BA}"
EndProject
Project("{2150E333-8FDC-42A3-9474-1A3956D46DE8}") = "vcapp.Movie", "vcapp.Movie", "{2CA8431E-E33C-45BB-8FD8-16E692F59B10}"
EndProject
Project("{2150E333-8FDC-42A3-9474-1A3956D46DE8}") = "5.Tests", "5.Tests", "{758B91B7-07B8-4F35-B74E-1067E9D998BE}"
EndProject
Project("{FAE04EC0-301F-11D3-BF4B-00C04F79EFBC}") = "vcapp.Movie", "vcapp.Movie\vcapp.Movie.csproj", "{4B7B526C-389F-4070-ADCB-1575722CA393}"
EndProject
Project("{FAE04EC0-301F-11D3-BF4B-00C04F79EFBC}") = "vcapp.Movie.API", "vcapp.Movie.API\vcapp.Movie.API.csproj", "{74242C81-70D6-4F37-900C-3DF8EA6AC203}"
EndProject
Project("{FAE04EC0-301F-11D3-BF4B-00C04F79EFBC}") = "vcapp.Movie.Domain", "vcapp.Movie.Domain\vcapp.Movie.Domain.csproj", "{B09D4492-E9F3-497B-AE6E-AF57F8C89428}"
EndProject
Project("{FAE04EC0-301F-11D3-BF4B-00C04F79EFBC}") = "vcapp.Movie.Application", "vcapp.Movie.Application\vcapp.Movie.Application.csproj", "{78E76C4C-7FCC-475C-9EF3-66AF795F3E12}"
EndProject
Project("{2150E333-8FDC-42A3-9474-1A3956D46DE8}") = "vcapp.Rental", "vcapp.Rental", "{408058F6-B93F-43AF-BF4D-D01088EA0B6F}"
EndProject
Project("{2150E333-8FDC-42A3-9474-1A3956D46DE8}") = "vcapp.Customer", "vcapp.Customer", "{DE2195AF-AA83-4846-A3DF-22B7E5CFC6B5}"
EndProject
Project("{FAE04EC0-301F-11D3-BF4B-00C04F79EFBC}") = "vcapp.Movie.Infrastructure", "vcapp.Movie.Infrastructure\vcapp.Movie.Infrastructure.csproj", "{399C3D89-3AD5-466A-8DB4-BB7DBFBF9E97}"
EndProject
Project("{2150E333-8FDC-42A3-9474-1A3956D46DE8}") = "vcapp.Auth", "vcapp.Auth", "{6E1358D0-2397-48E1-9E73-8CFDF92B53E7}"
EndProject
Project("{FAE04EC0-301F-11D3-BF4B-00C04F79EFBC}") = "vcapp.Auth.API", "vcapp.Auth.API\vcapp.Auth.API.csproj", "{B8520E31-0635-4A55-ADD8-77E6BCFF93F6}"
EndProject
Project("{FAE04EC0-301F-11D3-BF4B-00C04F79EFBC}") = "MovieTest", "MovieTest\MovieTest.csproj", "{5BB30D10-F7FB-4C5C-9F25-76B7D4D26A6D}"
EndProject
Global
	GlobalSection(SolutionConfigurationPlatforms) = preSolution
		Debug|Any CPU = Debug|Any CPU
		Release|Any CPU = Release|Any CPU
	EndGlobalSection
	GlobalSection(ProjectConfigurationPlatforms) = postSolution
		{396E13F7-E110-4586-BE15-E69CD0EFDF1D}.Debug|Any CPU.ActiveCfg = Debug|Any CPU
		{396E13F7-E110-4586-BE15-E69CD0EFDF1D}.Debug|Any CPU.Build.0 = Debug|Any CPU
		{396E13F7-E110-4586-BE15-E69CD0EFDF1D}.Release|Any CPU.ActiveCfg = Release|Any CPU
		{396E13F7-E110-4586-BE15-E69CD0EFDF1D}.Release|Any CPU.Build.0 = Release|Any CPU
		{011D3C89-1016-451E-B1D3-A47D7EF4EDFB}.Debug|Any CPU.ActiveCfg = Debug|Any CPU
		{011D3C89-1016-451E-B1D3-A47D7EF4EDFB}.Debug|Any CPU.Build.0 = Debug|Any CPU
		{011D3C89-1016-451E-B1D3-A47D7EF4EDFB}.Release|Any CPU.ActiveCfg = Release|Any CPU
		{011D3C89-1016-451E-B1D3-A47D7EF4EDFB}.Release|Any CPU.Build.0 = Release|Any CPU
		{4B7B526C-389F-4070-ADCB-1575722CA393}.Debug|Any CPU.ActiveCfg = Debug|Any CPU
		{4B7B526C-389F-4070-ADCB-1575722CA393}.Debug|Any CPU.Build.0 = Debug|Any CPU
		{4B7B526C-389F-4070-ADCB-1575722CA393}.Release|Any CPU.ActiveCfg = Release|Any CPU
		{4B7B526C-389F-4070-ADCB-1575722CA393}.Release|Any CPU.Build.0 = Release|Any CPU
		{74242C81-70D6-4F37-900C-3DF8EA6AC203}.Debug|Any CPU.ActiveCfg = Debug|Any CPU
		{74242C81-70D6-4F37-900C-3DF8EA6AC203}.Debug|Any CPU.Build.0 = Debug|Any CPU
		{74242C81-70D6-4F37-900C-3DF8EA6AC203}.Release|Any CPU.ActiveCfg = Release|Any CPU
		{74242C81-70D6-4F37-900C-3DF8EA6AC203}.Release|Any CPU.Build.0 = Release|Any CPU
		{B09D4492-E9F3-497B-AE6E-AF57F8C89428}.Debug|Any CPU.ActiveCfg = Debug|Any CPU
		{B09D4492-E9F3-497B-AE6E-AF57F8C89428}.Debug|Any CPU.Build.0 = Debug|Any CPU
		{B09D4492-E9F3-497B-AE6E-AF57F8C89428}.Release|Any CPU.ActiveCfg = Release|Any CPU
		{B09D4492-E9F3-497B-AE6E-AF57F8C89428}.Release|Any CPU.Build.0 = Release|Any CPU
		{78E76C4C-7FCC-475C-9EF3-66AF795F3E12}.Debug|Any CPU.ActiveCfg = Debug|Any CPU
		{78E76C4C-7FCC-475C-9EF3-66AF795F3E12}.Debug|Any CPU.Build.0 = Debug|Any CPU
		{78E76C4C-7FCC-475C-9EF3-66AF795F3E12}.Release|Any CPU.ActiveCfg = Release|Any CPU
		{78E76C4C-7FCC-475C-9EF3-66AF795F3E12}.Release|Any CPU.Build.0 = Release|Any CPU
		{399C3D89-3AD5-466A-8DB4-BB7DBFBF9E97}.Debug|Any CPU.ActiveCfg = Debug|Any CPU
		{399C3D89-3AD5-466A-8DB4-BB7DBFBF9E97}.Debug|Any CPU.Build.0 = Debug|Any CPU
		{399C3D89-3AD5-466A-8DB4-BB7DBFBF9E97}.Release|Any CPU.ActiveCfg = Release|Any CPU
		{399C3D89-3AD5-466A-8DB4-BB7DBFBF9E97}.Release|Any CPU.Build.0 = Release|Any CPU
		{B8520E31-0635-4A55-ADD8-77E6BCFF93F6}.Debug|Any CPU.ActiveCfg = Debug|Any CPU
		{B8520E31-0635-4A55-ADD8-77E6BCFF93F6}.Debug|Any CPU.Build.0 = Debug|Any CPU
		{B8520E31-0635-4A55-ADD8-77E6BCFF93F6}.Release|Any CPU.ActiveCfg = Release|Any CPU
		{B8520E31-0635-4A55-ADD8-77E6BCFF93F6}.Release|Any CPU.Build.0 = Release|Any CPU
		{5BB30D10-F7FB-4C5C-9F25-76B7D4D26A6D}.Debug|Any CPU.ActiveCfg = Debug|Any CPU
		{5BB30D10-F7FB-4C5C-9F25-76B7D4D26A6D}.Debug|Any CPU.Build.0 = Debug|Any CPU
		{5BB30D10-F7FB-4C5C-9F25-76B7D4D26A6D}.Release|Any CPU.ActiveCfg = Release|Any CPU
		{5BB30D10-F7FB-4C5C-9F25-76B7D4D26A6D}.Release|Any CPU.Build.0 = Release|Any CPU
	EndGlobalSection
	GlobalSection(SolutionProperties) = preSolution
		HideSolutionNode = FALSE
	EndGlobalSection
	GlobalSection(NestedProjects) = preSolution
		{C97A8723-978F-4A25-A6C6-3751DCF6FA5B} = {A7759566-A702-42DC-9A5D-B41E736E6CBC}
		{2CA8431E-E33C-45BB-8FD8-16E692F59B10} = {C1F13F59-6CA9-44E5-80B3-FDE7BB0D65BA}
		{4B7B526C-389F-4070-ADCB-1575722CA393} = {2CA8431E-E33C-45BB-8FD8-16E692F59B10}
		{74242C81-70D6-4F37-900C-3DF8EA6AC203} = {2CA8431E-E33C-45BB-8FD8-16E692F59B10}
		{B09D4492-E9F3-497B-AE6E-AF57F8C89428} = {2CA8431E-E33C-45BB-8FD8-16E692F59B10}
		{78E76C4C-7FCC-475C-9EF3-66AF795F3E12} = {2CA8431E-E33C-45BB-8FD8-16E692F59B10}
		{408058F6-B93F-43AF-BF4D-D01088EA0B6F} = {C1F13F59-6CA9-44E5-80B3-FDE7BB0D65BA}
		{DE2195AF-AA83-4846-A3DF-22B7E5CFC6B5} = {C1F13F59-6CA9-44E5-80B3-FDE7BB0D65BA}
		{399C3D89-3AD5-466A-8DB4-BB7DBFBF9E97} = {2CA8431E-E33C-45BB-8FD8-16E692F59B10}
		{6E1358D0-2397-48E1-9E73-8CFDF92B53E7} = {C1F13F59-6CA9-44E5-80B3-FDE7BB0D65BA}
		{B8520E31-0635-4A55-ADD8-77E6BCFF93F6} = {6E1358D0-2397-48E1-9E73-8CFDF92B53E7}
		{5BB30D10-F7FB-4C5C-9F25-76B7D4D26A6D} = {758B91B7-07B8-4F35-B74E-1067E9D998BE}
	EndGlobalSection
	GlobalSection(ExtensibilityGlobals) = postSolution
		SolutionGuid = {F21B9F52-A540-4873-8200-6F3EE0A2F228}
	EndGlobalSection
EndGlobal
